
Microsoft Visual Studio Solution File, Format Version 12.00
# Visual Studio Version 17
VisualStudioVersion = 17.5.33414.496
MinimumVisualStudioVersion = 10.0.40219.1
Project("{2150E333-8FDC-42A3-9474-1A3956D46DE8}") = "FrontEnd", "FrontEnd", "{F04AFFCB-AF74-41EF-BF41-6D8A4168803C}"
EndProject
Project("{FAE04EC0-301F-11D3-BF4B-00C04F79EFBC}") = "Micro.Web", "Micro.Web\Micro.Web.csproj", "{5F2D7EC0-720C-465C-B5E7-09372AEB5038}"
EndProject
Project("{2150E333-8FDC-42A3-9474-1A3956D46DE8}") = "Services", "Services", "{E4CD3F1A-EBC7-44EA-8A10-14E15387DBD8}"
EndProject
Project("{FAE04EC0-301F-11D3-BF4B-00C04F79EFBC}") = "Micro.Services.ProductAPI", "Micro.Services.ProductAPI\Micro.Services.ProductAPI.csproj", "{67218EE5-431C-442B-BC96-344AC506D214}"
EndProject
Global
	GlobalSection(SolutionConfigurationPlatforms) = preSolution
		Debug|Any CPU = Debug|Any CPU
		Release|Any CPU = Release|Any CPU
	EndGlobalSection
	GlobalSection(ProjectConfigurationPlatforms) = postSolution
		{5F2D7EC0-720C-465C-B5E7-09372AEB5038}.Debug|Any CPU.ActiveCfg = Debug|Any CPU
		{5F2D7EC0-720C-465C-B5E7-09372AEB5038}.Debug|Any CPU.Build.0 = Debug|Any CPU
		{5F2D7EC0-720C-465C-B5E7-09372AEB5038}.Release|Any CPU.ActiveCfg = Release|Any CPU
		{5F2D7EC0-720C-465C-B5E7-09372AEB5038}.Release|Any CPU.Build.0 = Release|Any CPU
		{67218EE5-431C-442B-BC96-344AC506D214}.Debug|Any CPU.ActiveCfg = Debug|Any CPU
		{67218EE5-431C-442B-BC96-344AC506D214}.Debug|Any CPU.Build.0 = Debug|Any CPU
		{67218EE5-431C-442B-BC96-344AC506D214}.Release|Any CPU.ActiveCfg = Release|Any CPU
		{67218EE5-431C-442B-BC96-344AC506D214}.Release|Any CPU.Build.0 = Release|Any CPU
	EndGlobalSection
	GlobalSection(SolutionProperties) = preSolution
		HideSolutionNode = FALSE
	EndGlobalSection
	GlobalSection(NestedProjects) = preSolution
		{5F2D7EC0-720C-465C-B5E7-09372AEB5038} = {F04AFFCB-AF74-41EF-BF41-6D8A4168803C}
		{67218EE5-431C-442B-BC96-344AC506D214} = {E4CD3F1A-EBC7-44EA-8A10-14E15387DBD8}
	EndGlobalSection
	GlobalSection(ExtensibilityGlobals) = postSolution
		SolutionGuid = {60BD62E0-3525-48B6-BCB8-6E0B32F677C0}
	EndGlobalSection
EndGlobal
